// !$*UTF8*$!
{
	archiveVersion = 1;
	classes = {
	};
	objectVersion = 55;
	objects = {

/* Begin PBXBuildFile section */
		DF050B2928A4078200A5912D /* AppDelegate.swift in Sources */ = {isa = PBXBuildFile; fileRef = DF050B2828A4078200A5912D /* AppDelegate.swift */; };
		DF050B2B28A4078200A5912D /* SceneDelegate.swift in Sources */ = {isa = PBXBuildFile; fileRef = DF050B2A28A4078200A5912D /* SceneDelegate.swift */; };
		DF050B2D28A4078200A5912D /* LoginViewController.swift in Sources */ = {isa = PBXBuildFile; fileRef = DF050B2C28A4078200A5912D /* LoginViewController.swift */; };
		DF050B3228A4078300A5912D /* Assets.xcassets in Resources */ = {isa = PBXBuildFile; fileRef = DF050B3128A4078300A5912D /* Assets.xcassets */; };
		DF050B3528A4078300A5912D /* LaunchScreen.storyboard in Resources */ = {isa = PBXBuildFile; fileRef = DF050B3328A4078300A5912D /* LaunchScreen.storyboard */; };
		DF050B4428A4E6D300A5912D /* UIView+Extension.swift in Sources */ = {isa = PBXBuildFile; fileRef = DF050B4328A4E6D300A5912D /* UIView+Extension.swift */; };
		DF050B4628A60E2F00A5912D /* UITextField+Extension.swift in Sources */ = {isa = PBXBuildFile; fileRef = DF050B4528A60E2F00A5912D /* UITextField+Extension.swift */; };
		DF6F3ECB28A6119B00A2D052 /* BoardTableViewController.swift in Sources */ = {isa = PBXBuildFile; fileRef = DF6F3ECA28A6119B00A2D052 /* BoardTableViewController.swift */; };
		DF6F3ECD28A6325F00A2D052 /* BoardTableViewCell.swift in Sources */ = {isa = PBXBuildFile; fileRef = DF6F3ECC28A6325F00A2D052 /* BoardTableViewCell.swift */; };
		DF6F3ECF28A634BA00A2D052 /* AddBoardViewController.swift in Sources */ = {isa = PBXBuildFile; fileRef = DF6F3ECE28A634BA00A2D052 /* AddBoardViewController.swift */; };
/* End PBXBuildFile section */

/* Begin PBXFileReference section */
		DF050B2528A4078200A5912D /* BlindBoard.app */ = {isa = PBXFileReference; explicitFileType = wrapper.application; includeInIndex = 0; path = BlindBoard.app; sourceTree = BUILT_PRODUCTS_DIR; };
		DF050B2828A4078200A5912D /* AppDelegate.swift */ = {isa = PBXFileReference; lastKnownFileType = sourcecode.swift; path = AppDelegate.swift; sourceTree = "<group>"; };
		DF050B2A28A4078200A5912D /* SceneDelegate.swift */ = {isa = PBXFileReference; lastKnownFileType = sourcecode.swift; path = SceneDelegate.swift; sourceTree = "<group>"; };
		DF050B2C28A4078200A5912D /* LoginViewController.swift */ = {isa = PBXFileReference; lastKnownFileType = sourcecode.swift; path = LoginViewController.swift; sourceTree = "<group>"; };
		DF050B3128A4078300A5912D /* Assets.xcassets */ = {isa = PBXFileReference; lastKnownFileType = folder.assetcatalog; path = Assets.xcassets; sourceTree = "<group>"; };
		DF050B3428A4078300A5912D /* Base */ = {isa = PBXFileReference; lastKnownFileType = file.storyboard; name = Base; path = Base.lproj/LaunchScreen.storyboard; sourceTree = "<group>"; };
		DF050B3628A4078300A5912D /* Info.plist */ = {isa = PBXFileReference; lastKnownFileType = text.plist.xml; path = Info.plist; sourceTree = "<group>"; };
		DF050B4328A4E6D300A5912D /* UIView+Extension.swift */ = {isa = PBXFileReference; lastKnownFileType = sourcecode.swift; path = "UIView+Extension.swift"; sourceTree = "<group>"; };
		DF050B4528A60E2F00A5912D /* UITextField+Extension.swift */ = {isa = PBXFileReference; lastKnownFileType = sourcecode.swift; path = "UITextField+Extension.swift"; sourceTree = "<group>"; };
		DF6F3ECA28A6119B00A2D052 /* BoardTableViewController.swift */ = {isa = PBXFileReference; lastKnownFileType = sourcecode.swift; path = BoardTableViewController.swift; sourceTree = "<group>"; };
		DF6F3ECC28A6325F00A2D052 /* BoardTableViewCell.swift */ = {isa = PBXFileReference; lastKnownFileType = sourcecode.swift; path = BoardTableViewCell.swift; sourceTree = "<group>"; };
		DF6F3ECE28A634BA00A2D052 /* AddBoardViewController.swift */ = {isa = PBXFileReference; lastKnownFileType = sourcecode.swift; path = AddBoardViewController.swift; sourceTree = "<group>"; };
/* End PBXFileReference section */

/* Begin PBXFrameworksBuildPhase section */
		DF050B2228A4078200A5912D /* Frameworks */ = {
			isa = PBXFrameworksBuildPhase;
			buildActionMask = 2147483647;
			files = (
			);
			runOnlyForDeploymentPostprocessing = 0;
		};
/* End PBXFrameworksBuildPhase section */

/* Begin PBXGroup section */
		DF050B1C28A4078200A5912D = {
			isa = PBXGroup;
			children = (
				DF050B2728A4078200A5912D /* BlindBoard */,
				DF050B2628A4078200A5912D /* Products */,
			);
			sourceTree = "<group>";
		};
		DF050B2628A4078200A5912D /* Products */ = {
			isa = PBXGroup;
			children = (
				DF050B2528A4078200A5912D /* BlindBoard.app */,
			);
			name = Products;
			sourceTree = "<group>";
		};
		DF050B2728A4078200A5912D /* BlindBoard */ = {
			isa = PBXGroup;
			children = (
				DF050B3F28A40A2500A5912D /* Utils */,
				DF050B3E28A4098A00A5912D /* Views */,
				DF050B3D28A4097E00A5912D /* Models */,
				DF050B3C28A4097600A5912D /* ViewControllers */,
				DF050B2828A4078200A5912D /* AppDelegate.swift */,
				DF050B2A28A4078200A5912D /* SceneDelegate.swift */,
				DF050B3128A4078300A5912D /* Assets.xcassets */,
				DF050B3328A4078300A5912D /* LaunchScreen.storyboard */,
				DF050B3628A4078300A5912D /* Info.plist */,
			);
			path = BlindBoard;
			sourceTree = "<group>";
		};
		DF050B3C28A4097600A5912D /* ViewControllers */ = {
			isa = PBXGroup;
			children = (
				DF6F3ED128A6786B00A2D052 /* BoardViewController */,
				DF050B2C28A4078200A5912D /* LoginViewController.swift */,
				DF6F3ECE28A634BA00A2D052 /* AddBoardViewController.swift */,
			);
			path = ViewControllers;
			sourceTree = "<group>";
		};
		DF050B3D28A4097E00A5912D /* Models */ = {
			isa = PBXGroup;
			children = (
			);
			path = Models;
			sourceTree = "<group>";
		};
		DF050B3E28A4098A00A5912D /* Views */ = {
			isa = PBXGroup;
			children = (
			);
			path = Views;
			sourceTree = "<group>";
		};
		DF050B3F28A40A2500A5912D /* Utils */ = {
			isa = PBXGroup;
			children = (
				DF050B4028A40A2B00A5912D /* Extensions */,
			);
			path = Utils;
			sourceTree = "<group>";
		};
		DF050B4028A40A2B00A5912D /* Extensions */ = {
			isa = PBXGroup;
			children = (
				DF050B4328A4E6D300A5912D /* UIView+Extension.swift */,
				DF050B4528A60E2F00A5912D /* UITextField+Extension.swift */,
			);
			path = Extensions;
			sourceTree = "<group>";
		};
		DF6F3ED128A6786B00A2D052 /* BoardViewController */ = {
			isa = PBXGroup;
			children = (
				DF6F3ECA28A6119B00A2D052 /* BoardTableViewController.swift */,
				DF6F3ECC28A6325F00A2D052 /* BoardTableViewCell.swift */,
			);
			path = BoardViewController;
			sourceTree = "<group>";
		};
/* End PBXGroup section */

/* Begin PBXNativeTarget section */
		DF050B2428A4078200A5912D /* BlindBoard */ = {
			isa = PBXNativeTarget;
			buildConfigurationList = DF050B3928A4078300A5912D /* Build configuration list for PBXNativeTarget "BlindBoard" */;
			buildPhases = (
				DF050B2128A4078200A5912D /* Sources */,
				DF050B2228A4078200A5912D /* Frameworks */,
				DF050B2328A4078200A5912D /* Resources */,
			);
			buildRules = (
			);
			dependencies = (
			);
			name = BlindBoard;
			productName = BlindBoard;
			productReference = DF050B2528A4078200A5912D /* BlindBoard.app */;
			productType = "com.apple.product-type.application";
		};
/* End PBXNativeTarget section */

/* Begin PBXProject section */
		DF050B1D28A4078200A5912D /* Project object */ = {
			isa = PBXProject;
			attributes = {
				BuildIndependentTargetsInParallel = 1;
				LastSwiftUpdateCheck = 1340;
				LastUpgradeCheck = 1340;
				TargetAttributes = {
					DF050B2428A4078200A5912D = {
						CreatedOnToolsVersion = 13.4.1;
					};
				};
			};
			buildConfigurationList = DF050B2028A4078200A5912D /* Build configuration list for PBXProject "BlindBoard" */;
			compatibilityVersion = "Xcode 13.0";
			developmentRegion = en;
			hasScannedForEncodings = 0;
			knownRegions = (
				en,
				Base,
			);
			mainGroup = DF050B1C28A4078200A5912D;
			productRefGroup = DF050B2628A4078200A5912D /* Products */;
			projectDirPath = "";
			projectRoot = "";
			targets = (
				DF050B2428A4078200A5912D /* BlindBoard */,
			);
		};
/* End PBXProject section */

/* Begin PBXResourcesBuildPhase section */
		DF050B2328A4078200A5912D /* Resources */ = {
			isa = PBXResourcesBuildPhase;
			buildActionMask = 2147483647;
			files = (
				DF050B3528A4078300A5912D /* LaunchScreen.storyboard in Resources */,
				DF050B3228A4078300A5912D /* Assets.xcassets in Resources */,
			);
			runOnlyForDeploymentPostprocessing = 0;
		};
/* End PBXResourcesBuildPhase section */

/* Begin PBXSourcesBuildPhase section */
		DF050B2128A4078200A5912D /* Sources */ = {
			isa = PBXSourcesBuildPhase;
			buildActionMask = 2147483647;
			files = (
				DF6F3ECB28A6119B00A2D052 /* BoardTableViewController.swift in Sources */,
				DF050B4628A60E2F00A5912D /* UITextField+Extension.swift in Sources */,
				DF6F3ECD28A6325F00A2D052 /* BoardTableViewCell.swift in Sources */,
				DF050B2D28A4078200A5912D /* LoginViewController.swift in Sources */,
				DF050B2928A4078200A5912D /* AppDelegate.swift in Sources */,
				DF050B4428A4E6D300A5912D /* UIView+Extension.swift in Sources */,
				DF050B2B28A4078200A5912D /* SceneDelegate.swift in Sources */,
				DF6F3ECF28A634BA00A2D052 /* AddBoardViewController.swift in Sources */,
			);
			runOnlyForDeploymentPostprocessing = 0;
		};
/* End PBXSourcesBuildPhase section */

/* Begin PBXVariantGroup section */
		DF050B3328A4078300A5912D /* LaunchScreen.storyboard */ = {
			isa = PBXVariantGroup;
			children = (
				DF050B3428A4078300A5912D /* Base */,
			);
			name = LaunchScreen.storyboard;
			sourceTree = "<group>";
		};
/* End PBXVariantGroup section */

/* Begin XCBuildConfiguration section */
		DF050B3728A4078300A5912D /* Debug */ = {
			isa = XCBuildConfiguration;
			buildSettings = {
				ALWAYS_SEARCH_USER_PATHS = NO;
				CLANG_ANALYZER_NONNULL = YES;
				CLANG_ANALYZER_NUMBER_OBJECT_CONVERSION = YES_AGGRESSIVE;
				CLANG_CXX_LANGUAGE_STANDARD = "gnu++17";
				CLANG_ENABLE_MODULES = YES;
				CLANG_ENABLE_OBJC_ARC = YES;
				CLANG_ENABLE_OBJC_WEAK = YES;
				CLANG_WARN_BLOCK_CAPTURE_AUTORELEASING = YES;
				CLANG_WARN_BOOL_CONVERSION = YES;
				CLANG_WARN_COMMA = YES;
				CLANG_WARN_CONSTANT_CONVERSION = YES;
				CLANG_WARN_DEPRECATED_OBJC_IMPLEMENTATIONS = YES;
				CLANG_WARN_DIRECT_OBJC_ISA_USAGE = YES_ERROR;
				CLANG_WARN_DOCUMENTATION_COMMENTS = YES;
				CLANG_WARN_EMPTY_BODY = YES;
				CLANG_WARN_ENUM_CONVERSION = YES;
				CLANG_WARN_INFINITE_RECURSION = YES;
				CLANG_WARN_INT_CONVERSION = YES;
				CLANG_WARN_NON_LITERAL_NULL_CONVERSION = YES;
				CLANG_WARN_OBJC_IMPLICIT_RETAIN_SELF = YES;
				CLANG_WARN_OBJC_LITERAL_CONVERSION = YES;
				CLANG_WARN_OBJC_ROOT_CLASS = YES_ERROR;
				CLANG_WARN_QUOTED_INCLUDE_IN_FRAMEWORK_HEADER = YES;
				CLANG_WARN_RANGE_LOOP_ANALYSIS = YES;
				CLANG_WARN_STRICT_PROTOTYPES = YES;
				CLANG_WARN_SUSPICIOUS_MOVE = YES;
				CLANG_WARN_UNGUARDED_AVAILABILITY = YES_AGGRESSIVE;
				CLANG_WARN_UNREACHABLE_CODE = YES;
				CLANG_WARN__DUPLICATE_METHOD_MATCH = YES;
				COPY_PHASE_STRIP = NO;
				DEBUG_INFORMATION_FORMAT = dwarf;
				ENABLE_STRICT_OBJC_MSGSEND = YES;
				ENABLE_TESTABILITY = YES;
				GCC_C_LANGUAGE_STANDARD = gnu11;
				GCC_DYNAMIC_NO_PIC = NO;
				GCC_NO_COMMON_BLOCKS = YES;
				GCC_OPTIMIZATION_LEVEL = 0;
				GCC_PREPROCESSOR_DEFINITIONS = (
					"DEBUG=1",
					"$(inherited)",
				);
				GCC_WARN_64_TO_32_BIT_CONVERSION = YES;
				GCC_WARN_ABOUT_RETURN_TYPE = YES_ERROR;
				GCC_WARN_UNDECLARED_SELECTOR = YES;
				GCC_WARN_UNINITIALIZED_AUTOS = YES_AGGRESSIVE;
				GCC_WARN_UNUSED_FUNCTION = YES;
				GCC_WARN_UNUSED_VARIABLE = YES;
				IPHONEOS_DEPLOYMENT_TARGET = 15.5;
				MTL_ENABLE_DEBUG_INFO = INCLUDE_SOURCE;
				MTL_FAST_MATH = YES;
				ONLY_ACTIVE_ARCH = YES;
				SDKROOT = iphoneos;
				SWIFT_ACTIVE_COMPILATION_CONDITIONS = DEBUG;
				SWIFT_OPTIMIZATION_LEVEL = "-Onone";
			};
			name = Debug;
		};
		DF050B3828A4078300A5912D /* Release */ = {
			isa = XCBuildConfiguration;
			buildSettings = {
				ALWAYS_SEARCH_USER_PATHS = NO;
				CLANG_ANALYZER_NONNULL = YES;
				CLANG_ANALYZER_NUMBER_OBJECT_CONVERSION = YES_AGGRESSIVE;
				CLANG_CXX_LANGUAGE_STANDARD = "gnu++17";
				CLANG_ENABLE_MODULES = YES;
				CLANG_ENABLE_OBJC_ARC = YES;
				CLANG_ENABLE_OBJC_WEAK = YES;
				CLANG_WARN_BLOCK_CAPTURE_AUTORELEASING = YES;
				CLANG_WARN_BOOL_CONVERSION = YES;
				CLANG_WARN_COMMA = YES;
				CLANG_WARN_CONSTANT_CONVERSION = YES;
				CLANG_WARN_DEPRECATED_OBJC_IMPLEMENTATIONS = YES;
				CLANG_WARN_DIRECT_OBJC_ISA_USAGE = YES_ERROR;
				CLANG_WARN_DOCUMENTATION_COMMENTS = YES;
				CLANG_WARN_EMPTY_BODY = YES;
				CLANG_WARN_ENUM_CONVERSION = YES;
				CLANG_WARN_INFINITE_RECURSION = YES;
				CLANG_WARN_INT_CONVERSION = YES;
				CLANG_WARN_NON_LITERAL_NULL_CONVERSION = YES;
				CLANG_WARN_OBJC_IMPLICIT_RETAIN_SELF = YES;
				CLANG_WARN_OBJC_LITERAL_CONVERSION = YES;
				CLANG_WARN_OBJC_ROOT_CLASS = YES_ERROR;
				CLANG_WARN_QUOTED_INCLUDE_IN_FRAMEWORK_HEADER = YES;
				CLANG_WARN_RANGE_LOOP_ANALYSIS = YES;
				CLANG_WARN_STRICT_PROTOTYPES = YES;
				CLANG_WARN_SUSPICIOUS_MOVE = YES;
				CLANG_WARN_UNGUARDED_AVAILABILITY = YES_AGGRESSIVE;
				CLANG_WARN_UNREACHABLE_CODE = YES;
				CLANG_WARN__DUPLICATE_METHOD_MATCH = YES;
				COPY_PHASE_STRIP = NO;
				DEBUG_INFORMATION_FORMAT = "dwarf-with-dsym";
				ENABLE_NS_ASSERTIONS = NO;
				ENABLE_STRICT_OBJC_MSGSEND = YES;
				GCC_C_LANGUAGE_STANDARD = gnu11;
				GCC_NO_COMMON_BLOCKS = YES;
				GCC_WARN_64_TO_32_BIT_CONVERSION = YES;
				GCC_WARN_ABOUT_RETURN_TYPE = YES_ERROR;
				GCC_WARN_UNDECLARED_SELECTOR = YES;
				GCC_WARN_UNINITIALIZED_AUTOS = YES_AGGRESSIVE;
				GCC_WARN_UNUSED_FUNCTION = YES;
				GCC_WARN_UNUSED_VARIABLE = YES;
				IPHONEOS_DEPLOYMENT_TARGET = 15.5;
				MTL_ENABLE_DEBUG_INFO = NO;
				MTL_FAST_MATH = YES;
				SDKROOT = iphoneos;
				SWIFT_COMPILATION_MODE = wholemodule;
				SWIFT_OPTIMIZATION_LEVEL = "-O";
				VALIDATE_PRODUCT = YES;
			};
			name = Release;
		};
		DF050B3A28A4078300A5912D /* Debug */ = {
			isa = XCBuildConfiguration;
			buildSettings = {
				ASSETCATALOG_COMPILER_APPICON_NAME = AppIcon;
				ASSETCATALOG_COMPILER_GLOBAL_ACCENT_COLOR_NAME = AccentColor;
				CODE_SIGN_STYLE = Automatic;
				CURRENT_PROJECT_VERSION = 1;
				GENERATE_INFOPLIST_FILE = YES;
				INFOPLIST_FILE = BlindBoard/Info.plist;
				INFOPLIST_KEY_UIApplicationSupportsIndirectInputEvents = YES;
				INFOPLIST_KEY_UILaunchStoryboardName = LaunchScreen;
				INFOPLIST_KEY_UISupportedInterfaceOrientations_iPad = "UIInterfaceOrientationPortrait UIInterfaceOrientationPortraitUpsideDown UIInterfaceOrientationLandscapeLeft UIInterfaceOrientationLandscapeRight";
				INFOPLIST_KEY_UISupportedInterfaceOrientations_iPhone = "UIInterfaceOrientationPortrait UIInterfaceOrientationLandscapeLeft UIInterfaceOrientationLandscapeRight";
				LD_RUNPATH_SEARCH_PATHS = (
					"$(inherited)",
					"@executable_path/Frameworks",
				);
				MARKETING_VERSION = 1.0;
				PRODUCT_BUNDLE_IDENTIFIER = sunshiningsoo.BlindBoard;
				PRODUCT_NAME = "$(TARGET_NAME)";
				SWIFT_EMIT_LOC_STRINGS = YES;
				SWIFT_VERSION = 5.0;
				TARGETED_DEVICE_FAMILY = "1,2";
			};
			name = Debug;
		};
		DF050B3B28A4078300A5912D /* Release */ = {
			isa = XCBuildConfiguration;
			buildSettings = {
				ASSETCATALOG_COMPILER_APPICON_NAME = AppIcon;
				ASSETCATALOG_COMPILER_GLOBAL_ACCENT_COLOR_NAME = AccentColor;
				CODE_SIGN_STYLE = Automatic;
				CURRENT_PROJECT_VERSION = 1;
				GENERATE_INFOPLIST_FILE = YES;
				INFOPLIST_FILE = BlindBoard/Info.plist;
				INFOPLIST_KEY_UIApplicationSupportsIndirectInputEvents = YES;
				INFOPLIST_KEY_UILaunchStoryboardName = LaunchScreen;
				INFOPLIST_KEY_UISupportedInterfaceOrientations_iPad = "UIInterfaceOrientationPortrait UIInterfaceOrientationPortraitUpsideDown UIInterfaceOrientationLandscapeLeft UIInterfaceOrientationLandscapeRight";
				INFOPLIST_KEY_UISupportedInterfaceOrientations_iPhone = "UIInterfaceOrientationPortrait UIInterfaceOrientationLandscapeLeft UIInterfaceOrientationLandscapeRight";
				LD_RUNPATH_SEARCH_PATHS = (
					"$(inherited)",
					"@executable_path/Frameworks",
				);
				MARKETING_VERSION = 1.0;
				PRODUCT_BUNDLE_IDENTIFIER = sunshiningsoo.BlindBoard;
				PRODUCT_NAME = "$(TARGET_NAME)";
				SWIFT_EMIT_LOC_STRINGS = YES;
				SWIFT_VERSION = 5.0;
				TARGETED_DEVICE_FAMILY = "1,2";
			};
			name = Release;
		};
/* End XCBuildConfiguration section */

/* Begin XCConfigurationList section */
		DF050B2028A4078200A5912D /* Build configuration list for PBXProject "BlindBoard" */ = {
			isa = XCConfigurationList;
			buildConfigurations = (
				DF050B3728A4078300A5912D /* Debug */,
				DF050B3828A4078300A5912D /* Release */,
			);
			defaultConfigurationIsVisible = 0;
			defaultConfigurationName = Release;
		};
		DF050B3928A4078300A5912D /* Build configuration list for PBXNativeTarget "BlindBoard" */ = {
			isa = XCConfigurationList;
			buildConfigurations = (
				DF050B3A28A4078300A5912D /* Debug */,
				DF050B3B28A4078300A5912D /* Release */,
			);
			defaultConfigurationIsVisible = 0;
			defaultConfigurationName = Release;
		};
/* End XCConfigurationList section */
	};
	rootObject = DF050B1D28A4078200A5912D /* Project object */;
}
